
Microsoft Visual Studio Solution File, Format Version 11.00
# Visual Studio 2010
Project("{8BC9CEB8-8B4A-11D0-8D11-00A0C91BC942}") = "bench-GridCut", "bench-GridCut.vcxproj", "{3E4A26C0-67EB-4941-9F7C-348E5C542294}"
EndProject
Project("{8BC9CEB8-8B4A-11D0-8D11-00A0C91BC942}") = "bench-BK303", "bench-BK303.vcxproj", "{81E4EC39-3985-4F12-9BB8-0400CC774068}"
EndProject
Global
	GlobalSection(SolutionConfigurationPlatforms) = preSolution
		Debug|Win32 = Debug|Win32
		Debug|x64 = Debug|x64
		Release|Win32 = Release|Win32
		Release|x64 = Release|x64
	EndGlobalSection
	GlobalSection(ProjectConfigurationPlatforms) = postSolution
		{3E4A26C0-67EB-4941-9F7C-348E5C542294}.Debug|Win32.ActiveCfg = Debug|Win32
		{3E4A26C0-67EB-4941-9F7C-348E5C542294}.Debug|Win32.Build.0 = Debug|Win32
		{3E4A26C0-67EB-4941-9F7C-348E5C542294}.Debug|x64.ActiveCfg = Debug|x64
		{3E4A26C0-67EB-4941-9F7C-348E5C542294}.Debug|x64.Build.0 = Debug|x64
		{3E4A26C0-67EB-4941-9F7C-348E5C542294}.Release|Win32.ActiveCfg = Release|Win32
		{3E4A26C0-67EB-4941-9F7C-348E5C542294}.Release|Win32.Build.0 = Release|Win32
		{3E4A26C0-67EB-4941-9F7C-348E5C542294}.Release|x64.ActiveCfg = Release|x64
		{3E4A26C0-67EB-4941-9F7C-348E5C542294}.Release|x64.Build.0 = Release|x64
		{81E4EC39-3985-4F12-9BB8-0400CC774068}.Debug|Win32.ActiveCfg = Debug|Win32
		{81E4EC39-3985-4F12-9BB8-0400CC774068}.Debug|Win32.Build.0 = Debug|Win32
		{81E4EC39-3985-4F12-9BB8-0400CC774068}.Debug|x64.ActiveCfg = Debug|x64
		{81E4EC39-3985-4F12-9BB8-0400CC774068}.Debug|x64.Build.0 = Debug|x64
		{81E4EC39-3985-4F12-9BB8-0400CC774068}.Release|Win32.ActiveCfg = Release|Win32
		{81E4EC39-3985-4F12-9BB8-0400CC774068}.Release|Win32.Build.0 = Release|Win32
		{81E4EC39-3985-4F12-9BB8-0400CC774068}.Release|x64.ActiveCfg = Release|x64
		{81E4EC39-3985-4F12-9BB8-0400CC774068}.Release|x64.Build.0 = Release|x64
	EndGlobalSection
	GlobalSection(SolutionProperties) = preSolution
		HideSolutionNode = FALSE
	EndGlobalSection
EndGlobal
